
Microsoft Visual Studio Solution File, Format Version 12.00
# Visual Studio Version 16
VisualStudioVersion = 16.0.30114.105
MinimumVisualStudioVersion = 10.0.40219.1
Project("{FAE04EC0-301F-11D3-BF4B-00C04F79EFBC}") = "lib", "lib\lib.csproj", "{79B63C0A-B76C-40BD-B446-AB533DD32B61}"
EndProject
Project("{FAE04EC0-301F-11D3-BF4B-00C04F79EFBC}") = "console", "console\console.csproj", "{2C4389B7-1D6E-416E-9D7C-A0DC190ECFFF}"
EndProject
Project("{FAE04EC0-301F-11D3-BF4B-00C04F79EFBC}") = "tests", "tests\tests.csproj", "{00F9C358-87DF-42CF-A33C-FE114A789396}"
EndProject
Global
	GlobalSection(SolutionConfigurationPlatforms) = preSolution
		Debug|Any CPU = Debug|Any CPU
		Release|Any CPU = Release|Any CPU
	EndGlobalSection
	GlobalSection(SolutionProperties) = preSolution
		HideSolutionNode = FALSE
	EndGlobalSection
	GlobalSection(ProjectConfigurationPlatforms) = postSolution
		{79B63C0A-B76C-40BD-B446-AB533DD32B61}.Debug|Any CPU.ActiveCfg = Debug|Any CPU
		{79B63C0A-B76C-40BD-B446-AB533DD32B61}.Debug|Any CPU.Build.0 = Debug|Any CPU
		{79B63C0A-B76C-40BD-B446-AB533DD32B61}.Release|Any CPU.ActiveCfg = Release|Any CPU
		{79B63C0A-B76C-40BD-B446-AB533DD32B61}.Release|Any CPU.Build.0 = Release|Any CPU
		{2C4389B7-1D6E-416E-9D7C-A0DC190ECFFF}.Debug|Any CPU.ActiveCfg = Debug|Any CPU
		{2C4389B7-1D6E-416E-9D7C-A0DC190ECFFF}.Debug|Any CPU.Build.0 = Debug|Any CPU
		{2C4389B7-1D6E-416E-9D7C-A0DC190ECFFF}.Release|Any CPU.ActiveCfg = Release|Any CPU
		{2C4389B7-1D6E-416E-9D7C-A0DC190ECFFF}.Release|Any CPU.Build.0 = Release|Any CPU
		{00F9C358-87DF-42CF-A33C-FE114A789396}.Debug|Any CPU.ActiveCfg = Debug|Any CPU
		{00F9C358-87DF-42CF-A33C-FE114A789396}.Debug|Any CPU.Build.0 = Debug|Any CPU
		{00F9C358-87DF-42CF-A33C-FE114A789396}.Release|Any CPU.ActiveCfg = Release|Any CPU
		{00F9C358-87DF-42CF-A33C-FE114A789396}.Release|Any CPU.Build.0 = Release|Any CPU
	EndGlobalSection
EndGlobal
